
Microsoft Visual Studio Solution File, Format Version 12.00
# Visual Studio Version 17
VisualStudioVersion = 17.4.33205.214
MinimumVisualStudioVersion = 10.0.40219.1
Project("{FAE04EC0-301F-11D3-BF4B-00C04F79EFBC}") = "CheetahDB", "Cheetah\CheetahDB.csproj", "{8CC31153-2CC9-4444-A483-3903BED0D266}"
EndProject
Project("{FAE04EC0-301F-11D3-BF4B-00C04F79EFBC}") = "CeetahDAL", "CeetahDAL\CeetahDAL.csproj", "{ECC2C8B6-21D6-4976-B68A-352CE6BAF906}"
EndProject
Project("{FAE04EC0-301F-11D3-BF4B-00C04F79EFBC}") = "CheeetahBLL", "CheeetahBLL\CheeetahBLL.csproj", "{23899308-3510-436E-AB0F-101DF411E408}"
EndProject
Project("{FAE04EC0-301F-11D3-BF4B-00C04F79EFBC}") = "CheetahApi", "CheetahApi\CheetahApi.csproj", "{A7CE8323-D340-43DC-A3D5-F217796D2CD1}"
EndProject
Global
	GlobalSection(SolutionConfigurationPlatforms) = preSolution
		Debug|Any CPU = Debug|Any CPU
		Release|Any CPU = Release|Any CPU
	EndGlobalSection
	GlobalSection(ProjectConfigurationPlatforms) = postSolution
		{8CC31153-2CC9-4444-A483-3903BED0D266}.Debug|Any CPU.ActiveCfg = Debug|Any CPU
		{8CC31153-2CC9-4444-A483-3903BED0D266}.Debug|Any CPU.Build.0 = Debug|Any CPU
		{8CC31153-2CC9-4444-A483-3903BED0D266}.Release|Any CPU.ActiveCfg = Release|Any CPU
		{8CC31153-2CC9-4444-A483-3903BED0D266}.Release|Any CPU.Build.0 = Release|Any CPU
		{ECC2C8B6-21D6-4976-B68A-352CE6BAF906}.Debug|Any CPU.ActiveCfg = Debug|Any CPU
		{ECC2C8B6-21D6-4976-B68A-352CE6BAF906}.Debug|Any CPU.Build.0 = Debug|Any CPU
		{ECC2C8B6-21D6-4976-B68A-352CE6BAF906}.Release|Any CPU.ActiveCfg = Release|Any CPU
		{ECC2C8B6-21D6-4976-B68A-352CE6BAF906}.Release|Any CPU.Build.0 = Release|Any CPU
		{23899308-3510-436E-AB0F-101DF411E408}.Debug|Any CPU.ActiveCfg = Debug|Any CPU
		{23899308-3510-436E-AB0F-101DF411E408}.Debug|Any CPU.Build.0 = Debug|Any CPU
		{23899308-3510-436E-AB0F-101DF411E408}.Release|Any CPU.ActiveCfg = Release|Any CPU
		{23899308-3510-436E-AB0F-101DF411E408}.Release|Any CPU.Build.0 = Release|Any CPU
		{A7CE8323-D340-43DC-A3D5-F217796D2CD1}.Debug|Any CPU.ActiveCfg = Debug|Any CPU
		{A7CE8323-D340-43DC-A3D5-F217796D2CD1}.Debug|Any CPU.Build.0 = Debug|Any CPU
		{A7CE8323-D340-43DC-A3D5-F217796D2CD1}.Release|Any CPU.ActiveCfg = Release|Any CPU
		{A7CE8323-D340-43DC-A3D5-F217796D2CD1}.Release|Any CPU.Build.0 = Release|Any CPU
	EndGlobalSection
	GlobalSection(SolutionProperties) = preSolution
		HideSolutionNode = FALSE
	EndGlobalSection
	GlobalSection(ExtensibilityGlobals) = postSolution
		SolutionGuid = {EF41C4B0-4444-4F37-A7A2-3CFD1126D8FC}
	EndGlobalSection
EndGlobal
